
Microsoft Visual Studio Solution File, Format Version 12.00
# Visual Studio Version 17
VisualStudioVersion = 17.10.35027.167
MinimumVisualStudioVersion = 10.0.40219.1
Project("{9A19103F-16F7-4668-BE54-9A1E7A4F7556}") = "ScreenSaver.View", "ScreenSaver.View\ScreenSaver.View.csproj", "{91605E25-0407-4939-BFFA-A7CA4B6DBD51}"
EndProject
Project("{9A19103F-16F7-4668-BE54-9A1E7A4F7556}") = "ScreenSaver.ViewModel", "ScreenSaver.ViewModel\ScreenSaver.ViewModel.csproj", "{E30B54F0-064C-4C71-B151-02C7A3F57E81}"
EndProject
Project("{FAE04EC0-301F-11D3-BF4B-00C04F79EFBC}") = "ScreenSaver.Model", "ScreenSaver.Model\ScreenSaver.Model.csproj", "{D2DE9676-1B44-48E2-BFA3-753EFAF7BE2F}"
EndProject
Global
	GlobalSection(SolutionConfigurationPlatforms) = preSolution
		Debug|Any CPU = Debug|Any CPU
		Release|Any CPU = Release|Any CPU
	EndGlobalSection
	GlobalSection(ProjectConfigurationPlatforms) = postSolution
		{91605E25-0407-4939-BFFA-A7CA4B6DBD51}.Debug|Any CPU.ActiveCfg = Debug|Any CPU
		{91605E25-0407-4939-BFFA-A7CA4B6DBD51}.Debug|Any CPU.Build.0 = Debug|Any CPU
		{91605E25-0407-4939-BFFA-A7CA4B6DBD51}.Release|Any CPU.ActiveCfg = Release|Any CPU
		{91605E25-0407-4939-BFFA-A7CA4B6DBD51}.Release|Any CPU.Build.0 = Release|Any CPU
		{E30B54F0-064C-4C71-B151-02C7A3F57E81}.Debug|Any CPU.ActiveCfg = Debug|Any CPU
		{E30B54F0-064C-4C71-B151-02C7A3F57E81}.Debug|Any CPU.Build.0 = Debug|Any CPU
		{E30B54F0-064C-4C71-B151-02C7A3F57E81}.Release|Any CPU.ActiveCfg = Release|Any CPU
		{E30B54F0-064C-4C71-B151-02C7A3F57E81}.Release|Any CPU.Build.0 = Release|Any CPU
		{D2DE9676-1B44-48E2-BFA3-753EFAF7BE2F}.Debug|Any CPU.ActiveCfg = Debug|Any CPU
		{D2DE9676-1B44-48E2-BFA3-753EFAF7BE2F}.Debug|Any CPU.Build.0 = Debug|Any CPU
		{D2DE9676-1B44-48E2-BFA3-753EFAF7BE2F}.Release|Any CPU.ActiveCfg = Release|Any CPU
		{D2DE9676-1B44-48E2-BFA3-753EFAF7BE2F}.Release|Any CPU.Build.0 = Release|Any CPU
	EndGlobalSection
	GlobalSection(SolutionProperties) = preSolution
		HideSolutionNode = FALSE
	EndGlobalSection
	GlobalSection(ExtensibilityGlobals) = postSolution
		SolutionGuid = {D3141163-8838-4D98-9762-2DBC39A7AA9A}
	EndGlobalSection
EndGlobal
